
Microsoft Visual Studio Solution File, Format Version 12.00
# Visual Studio Version 16
VisualStudioVersion = 16.0.29920.165
MinimumVisualStudioVersion = 10.0.40219.1
Project("{FAE04EC0-301F-11D3-BF4B-00C04F79EFBC}") = "LabRab8", "LabRab8.csproj", "{A1E87157-D826-4B30-810E-BC7176E3D52F}"
EndProject
Global
	GlobalSection(SolutionConfigurationPlatforms) = preSolution
		Debug|Any CPU = Debug|Any CPU
		Release|Any CPU = Release|Any CPU
	EndGlobalSection
	GlobalSection(ProjectConfigurationPlatforms) = postSolution
		{A1E87157-D826-4B30-810E-BC7176E3D52F}.Debug|Any CPU.ActiveCfg = Debug|Any CPU
		{A1E87157-D826-4B30-810E-BC7176E3D52F}.Debug|Any CPU.Build.0 = Debug|Any CPU
		{A1E87157-D826-4B30-810E-BC7176E3D52F}.Release|Any CPU.ActiveCfg = Release|Any CPU
		{A1E87157-D826-4B30-810E-BC7176E3D52F}.Release|Any CPU.Build.0 = Release|Any CPU
	EndGlobalSection
	GlobalSection(SolutionProperties) = preSolution
		HideSolutionNode = FALSE
	EndGlobalSection
	GlobalSection(ExtensibilityGlobals) = postSolution
		SolutionGuid = {0F8C8056-58DB-40DD-97E2-F5EDDC31B062}
	EndGlobalSection
EndGlobal
